
Microsoft Visual Studio Solution File, Format Version 12.00
# Visual Studio Version 17
VisualStudioVersion = 17.2.32630.192
MinimumVisualStudioVersion = 10.0.40219.1
Project("{9A19103F-16F7-4668-BE54-9A1E7A4F7556}") = "HelloCoreMVC", "HelloMVCCore\HelloCoreMVC.csproj", "{CEA8627E-E3F1-4431-A31E-43A0123B87E5}"
EndProject
Project("{9A19103F-16F7-4668-BE54-9A1E7A4F7556}") = "HelloWebAPI", "HelloWebAPI\HelloWebAPI.csproj", "{C29D916F-48E4-4F2F-8296-7A8974556F1C}"
EndProject
Project("{FAE04EC0-301F-11D3-BF4B-00C04F79EFBC}") = "WebApplication1", "WebApplication1\WebApplication1.csproj", "{C083C30F-74CF-4991-83C8-5C976D5E0AF4}"
EndProject
Project("{FAE04EC0-301F-11D3-BF4B-00C04F79EFBC}") = "MyRestApi", "MyRestApi\MyRestApi.csproj", "{18C4D54B-CF11-4800-82A5-D570784105BE}"
EndProject
Global
	GlobalSection(SolutionConfigurationPlatforms) = preSolution
		Debug|Any CPU = Debug|Any CPU
		Release|Any CPU = Release|Any CPU
	EndGlobalSection
	GlobalSection(ProjectConfigurationPlatforms) = postSolution
		{CEA8627E-E3F1-4431-A31E-43A0123B87E5}.Debug|Any CPU.ActiveCfg = Debug|Any CPU
		{CEA8627E-E3F1-4431-A31E-43A0123B87E5}.Debug|Any CPU.Build.0 = Debug|Any CPU
		{CEA8627E-E3F1-4431-A31E-43A0123B87E5}.Release|Any CPU.ActiveCfg = Release|Any CPU
		{CEA8627E-E3F1-4431-A31E-43A0123B87E5}.Release|Any CPU.Build.0 = Release|Any CPU
		{C29D916F-48E4-4F2F-8296-7A8974556F1C}.Debug|Any CPU.ActiveCfg = Debug|Any CPU
		{C29D916F-48E4-4F2F-8296-7A8974556F1C}.Debug|Any CPU.Build.0 = Debug|Any CPU
		{C29D916F-48E4-4F2F-8296-7A8974556F1C}.Release|Any CPU.ActiveCfg = Release|Any CPU
		{C29D916F-48E4-4F2F-8296-7A8974556F1C}.Release|Any CPU.Build.0 = Release|Any CPU
		{C083C30F-74CF-4991-83C8-5C976D5E0AF4}.Debug|Any CPU.ActiveCfg = Debug|Any CPU
		{C083C30F-74CF-4991-83C8-5C976D5E0AF4}.Debug|Any CPU.Build.0 = Debug|Any CPU
		{C083C30F-74CF-4991-83C8-5C976D5E0AF4}.Release|Any CPU.ActiveCfg = Release|Any CPU
		{C083C30F-74CF-4991-83C8-5C976D5E0AF4}.Release|Any CPU.Build.0 = Release|Any CPU
		{18C4D54B-CF11-4800-82A5-D570784105BE}.Debug|Any CPU.ActiveCfg = Debug|Any CPU
		{18C4D54B-CF11-4800-82A5-D570784105BE}.Debug|Any CPU.Build.0 = Debug|Any CPU
		{18C4D54B-CF11-4800-82A5-D570784105BE}.Release|Any CPU.ActiveCfg = Release|Any CPU
		{18C4D54B-CF11-4800-82A5-D570784105BE}.Release|Any CPU.Build.0 = Release|Any CPU
	EndGlobalSection
	GlobalSection(SolutionProperties) = preSolution
		HideSolutionNode = FALSE
	EndGlobalSection
	GlobalSection(ExtensibilityGlobals) = postSolution
		SolutionGuid = {A8316219-0EB0-4A12-88F2-A8BFFB6FB934}
	EndGlobalSection
EndGlobal
